
Microsoft Visual Studio Solution File, Format Version 12.00
# Visual Studio Version 17
VisualStudioVersion = 17.12.35521.163
MinimumVisualStudioVersion = 10.0.40219.1
Project("{2150E333-8FDC-42A3-9474-1A3956D46DE8}") = "Microsservices", "Microsservices", "{A9776331-8B16-4230-8135-307EBD513572}"
EndProject
Project("{2150E333-8FDC-42A3-9474-1A3956D46DE8}") = "Account", "Account", "{E98A82B5-85CB-4F2E-A17F-DF3A7E34A931}"
EndProject
Project("{2150E333-8FDC-42A3-9474-1A3956D46DE8}") = "Post", "Post", "{1796ACD7-C3EF-4F88-ACF2-E948C4AF32E6}"
EndProject
Project("{2150E333-8FDC-42A3-9474-1A3956D46DE8}") = "Marketplace", "Marketplace", "{81874DC7-7937-43B0-B4EC-969D45EF706E}"
EndProject
Project("{2150E333-8FDC-42A3-9474-1A3956D46DE8}") = "Business", "Business", "{25090166-47DD-4D3E-B528-70EBF74BDB92}"
EndProject
Project("{2150E333-8FDC-42A3-9474-1A3956D46DE8}") = "Chat", "Chat", "{FA52E6B1-EFF2-4AE0-85C6-9201260CAC2F}"
EndProject
Project("{FAE04EC0-301F-11D3-BF4B-00C04F79EFBC}") = "Sonorus.Account.Core", "Microsservices\Account\Sonorus.Account.Core\Sonorus.Account.Core.csproj", "{9403D9F4-940A-4CE4-9087-5B8123803845}"
EndProject
Project("{FAE04EC0-301F-11D3-BF4B-00C04F79EFBC}") = "Sonorus.Account.Application", "Microsservices\Account\Sonorus.Account.Application\Sonorus.Account.Application.csproj", "{542F959F-D20B-4127-9C30-F0245C0F9454}"
EndProject
Project("{FAE04EC0-301F-11D3-BF4B-00C04F79EFBC}") = "Sonorus.Account.Infrastructure", "Microsservices\Account\Sonorus.Account.Infrastructure\Sonorus.Account.Infrastructure.csproj", "{9C4A0DF1-A87A-4A8D-A41D-F3D33FC5B57F}"
EndProject
Project("{FAE04EC0-301F-11D3-BF4B-00C04F79EFBC}") = "Sonorus.Account.API", "Microsservices\Account\Sonorus.Account.API\Sonorus.Account.API.csproj", "{398BA1D9-9DFA-4B02-B59A-50DB407F7CDB}"
EndProject
Project("{FAE04EC0-301F-11D3-BF4B-00C04F79EFBC}") = "Sonorus.Post.Core", "Microsservices\Post\Sonorus.Post.Core\Sonorus.Post.Core.csproj", "{13C382E9-2A9C-4563-923E-092CF95819FD}"
EndProject
Project("{FAE04EC0-301F-11D3-BF4B-00C04F79EFBC}") = "Sonorus.Post.Application", "Microsservices\Post\Sonorus.Post.Application\Sonorus.Post.Application.csproj", "{31527DA9-F06B-4E20-BE74-7F972B46F025}"
EndProject
Project("{FAE04EC0-301F-11D3-BF4B-00C04F79EFBC}") = "Sonorus.Post.Infrastructure", "Microsservices\Post\Sonorus.Post.Infrastructure\Sonorus.Post.Infrastructure.csproj", "{13A95AB8-5151-45CD-B2A8-4CDEE319B8BE}"
EndProject
Project("{FAE04EC0-301F-11D3-BF4B-00C04F79EFBC}") = "Sonorus.Post.API", "Microsservices\Post\Sonorus.Post.API\Sonorus.Post.API.csproj", "{2F0A3305-98EF-44D5-828F-B5FA6F660D6F}"
EndProject
Project("{FAE04EC0-301F-11D3-BF4B-00C04F79EFBC}") = "Sonorus.Marketplace.Core", "Microsservices\Marketplace\Sonorus.Marketplace.Core\Sonorus.Marketplace.Core.csproj", "{E5C80564-86C0-4D3C-83F3-A453DF1DA016}"
EndProject
Project("{FAE04EC0-301F-11D3-BF4B-00C04F79EFBC}") = "Sonorus.Marketplace.Application", "Microsservices\Marketplace\Sonorus.Marketplace.Application\Sonorus.Marketplace.Application.csproj", "{ECC708C6-0C5A-49E7-9C97-E020FFAAB4EF}"
EndProject
Project("{FAE04EC0-301F-11D3-BF4B-00C04F79EFBC}") = "Sonorus.Marketplace.Infrastructure", "Microsservices\Marketplace\Sonorus.Marketplace.Infrastructure\Sonorus.Marketplace.Infrastructure.csproj", "{353D91F9-E38C-497F-81BB-034AB7F3D81A}"
EndProject
Project("{FAE04EC0-301F-11D3-BF4B-00C04F79EFBC}") = "Sonorus.Marketplace.API", "Microsservices\Marketplace\Sonorus.Marketplace.API\Sonorus.Marketplace.API.csproj", "{1173F69B-98A8-4E1D-A404-3DDC72FAE0D3}"
EndProject
Project("{FAE04EC0-301F-11D3-BF4B-00C04F79EFBC}") = "Sonorus.Business.Core", "Microsservices\Business\Sonorus.Business.Core\Sonorus.Business.Core.csproj", "{27B5E9AA-7B34-4E03-ACC9-4D2F38C1418A}"
EndProject
Project("{FAE04EC0-301F-11D3-BF4B-00C04F79EFBC}") = "Sonorus.Business.Infrastructure", "Microsservices\Business\Sonorus.Business.Infrastructure\Sonorus.Business.Infrastructure.csproj", "{900C6664-9823-4006-8286-43268B97080D}"
EndProject
Project("{FAE04EC0-301F-11D3-BF4B-00C04F79EFBC}") = "Sonorus.Business.Application", "Microsservices\Business\Sonorus.Business.Application\Sonorus.Business.Application.csproj", "{F8649D25-D930-4ACE-82F7-9E21E638DEA4}"
EndProject
Project("{FAE04EC0-301F-11D3-BF4B-00C04F79EFBC}") = "Sonorus.Business.API", "Microsservices\Business\Sonorus.Business.API\Sonorus.Business.API.csproj", "{D65A2587-22AF-423F-ADBA-CB75E03AA5A7}"
EndProject
Project("{FAE04EC0-301F-11D3-BF4B-00C04F79EFBC}") = "Sonorus.Chat.Core", "Microsservices\Chat\Sonorus.Chat.Core\Sonorus.Chat.Core.csproj", "{F939F313-E63A-4A2B-B878-9AF214CF9027}"
EndProject
Project("{FAE04EC0-301F-11D3-BF4B-00C04F79EFBC}") = "Sonorus.Chat.Infrastructure", "Microsservices\Chat\Sonorus.Chat.Infrastructure\Sonorus.Chat.Infrastructure.csproj", "{AAD872C5-57ED-45CF-8631-73B4988D075A}"
EndProject
Project("{FAE04EC0-301F-11D3-BF4B-00C04F79EFBC}") = "Sonorus.Chat.Application", "Microsservices\Chat\Sonorus.Chat.Application\Sonorus.Chat.Application.csproj", "{FAA2545D-2446-4FFC-ADB3-30F77E3CA268}"
EndProject
Project("{FAE04EC0-301F-11D3-BF4B-00C04F79EFBC}") = "Sonorus.Chat.API", "Microsservices\Chat\Sonorus.Chat.API\Sonorus.Chat.API.csproj", "{2F827C02-5653-405E-AF48-C5ACCCADAB68}"
EndProject
Project("{FAE04EC0-301F-11D3-BF4B-00C04F79EFBC}") = "Sonorus.Analytics.AppHost", "Analytics\Sonorus.Analytics.AppHost\Sonorus.Analytics.AppHost.csproj", "{F0F1244B-9A1C-472D-BB0A-EF704BB6B002}"
EndProject
Project("{FAE04EC0-301F-11D3-BF4B-00C04F79EFBC}") = "Sonorus.Analytics.ServiceDefaults", "Analytics\Sonorus.Analytics.ServiceDefaults\Sonorus.Analytics.ServiceDefaults.csproj", "{975BEE18-B455-43D4-8048-5D07E35DF4E6}"
EndProject
Project("{FAE04EC0-301F-11D3-BF4B-00C04F79EFBC}") = "Sonorus.ApiGateway", "Gateway\Sonorus.ApiGateway\Sonorus.ApiGateway.csproj", "{6DF73B4B-93BD-4744-8CCA-81B9ACB431EC}"
EndProject
Project("{FAE04EC0-301F-11D3-BF4B-00C04F79EFBC}") = "Sonorus.SharedKernel", "SharedKernel\Sonorus.SharedKernel\Sonorus.SharedKernel.csproj", "{3BD536AA-05A4-41DE-A36B-6BDD00E68A6D}"
EndProject
Project("{2150E333-8FDC-42A3-9474-1A3956D46DE8}") = "SharedKernel", "SharedKernel", "{6AF00336-CB1D-43B2-A825-7B69DBE77A75}"
EndProject
Project("{2150E333-8FDC-42A3-9474-1A3956D46DE8}") = "Gateway", "Gateway", "{2CA52517-43DC-4094-AD30-41082F16DDB1}"
EndProject
Project("{2150E333-8FDC-42A3-9474-1A3956D46DE8}") = "Analytics", "Analytics", "{C26A6241-AA5F-4C14-9EA7-8777A4C189DB}"
EndProject
Global
	GlobalSection(SolutionConfigurationPlatforms) = preSolution
		Debug|Any CPU = Debug|Any CPU
		Release|Any CPU = Release|Any CPU
	EndGlobalSection
	GlobalSection(ProjectConfigurationPlatforms) = postSolution
		{9403D9F4-940A-4CE4-9087-5B8123803845}.Debug|Any CPU.ActiveCfg = Debug|Any CPU
		{9403D9F4-940A-4CE4-9087-5B8123803845}.Debug|Any CPU.Build.0 = Debug|Any CPU
		{9403D9F4-940A-4CE4-9087-5B8123803845}.Release|Any CPU.ActiveCfg = Release|Any CPU
		{9403D9F4-940A-4CE4-9087-5B8123803845}.Release|Any CPU.Build.0 = Release|Any CPU
		{542F959F-D20B-4127-9C30-F0245C0F9454}.Debug|Any CPU.ActiveCfg = Debug|Any CPU
		{542F959F-D20B-4127-9C30-F0245C0F9454}.Debug|Any CPU.Build.0 = Debug|Any CPU
		{542F959F-D20B-4127-9C30-F0245C0F9454}.Release|Any CPU.ActiveCfg = Release|Any CPU
		{542F959F-D20B-4127-9C30-F0245C0F9454}.Release|Any CPU.Build.0 = Release|Any CPU
		{9C4A0DF1-A87A-4A8D-A41D-F3D33FC5B57F}.Debug|Any CPU.ActiveCfg = Debug|Any CPU
		{9C4A0DF1-A87A-4A8D-A41D-F3D33FC5B57F}.Debug|Any CPU.Build.0 = Debug|Any CPU
		{9C4A0DF1-A87A-4A8D-A41D-F3D33FC5B57F}.Release|Any CPU.ActiveCfg = Release|Any CPU
		{9C4A0DF1-A87A-4A8D-A41D-F3D33FC5B57F}.Release|Any CPU.Build.0 = Release|Any CPU
		{398BA1D9-9DFA-4B02-B59A-50DB407F7CDB}.Debug|Any CPU.ActiveCfg = Debug|Any CPU
		{398BA1D9-9DFA-4B02-B59A-50DB407F7CDB}.Debug|Any CPU.Build.0 = Debug|Any CPU
		{398BA1D9-9DFA-4B02-B59A-50DB407F7CDB}.Release|Any CPU.ActiveCfg = Release|Any CPU
		{398BA1D9-9DFA-4B02-B59A-50DB407F7CDB}.Release|Any CPU.Build.0 = Release|Any CPU
		{13C382E9-2A9C-4563-923E-092CF95819FD}.Debug|Any CPU.ActiveCfg = Debug|Any CPU
		{13C382E9-2A9C-4563-923E-092CF95819FD}.Debug|Any CPU.Build.0 = Debug|Any CPU
		{13C382E9-2A9C-4563-923E-092CF95819FD}.Release|Any CPU.ActiveCfg = Release|Any CPU
		{13C382E9-2A9C-4563-923E-092CF95819FD}.Release|Any CPU.Build.0 = Release|Any CPU
		{31527DA9-F06B-4E20-BE74-7F972B46F025}.Debug|Any CPU.ActiveCfg = Debug|Any CPU
		{31527DA9-F06B-4E20-BE74-7F972B46F025}.Debug|Any CPU.Build.0 = Debug|Any CPU
		{31527DA9-F06B-4E20-BE74-7F972B46F025}.Release|Any CPU.ActiveCfg = Release|Any CPU
		{31527DA9-F06B-4E20-BE74-7F972B46F025}.Release|Any CPU.Build.0 = Release|Any CPU
		{13A95AB8-5151-45CD-B2A8-4CDEE319B8BE}.Debug|Any CPU.ActiveCfg = Debug|Any CPU
		{13A95AB8-5151-45CD-B2A8-4CDEE319B8BE}.Debug|Any CPU.Build.0 = Debug|Any CPU
		{13A95AB8-5151-45CD-B2A8-4CDEE319B8BE}.Release|Any CPU.ActiveCfg = Release|Any CPU
		{13A95AB8-5151-45CD-B2A8-4CDEE319B8BE}.Release|Any CPU.Build.0 = Release|Any CPU
		{2F0A3305-98EF-44D5-828F-B5FA6F660D6F}.Debug|Any CPU.ActiveCfg = Debug|Any CPU
		{2F0A3305-98EF-44D5-828F-B5FA6F660D6F}.Debug|Any CPU.Build.0 = Debug|Any CPU
		{2F0A3305-98EF-44D5-828F-B5FA6F660D6F}.Release|Any CPU.ActiveCfg = Release|Any CPU
		{2F0A3305-98EF-44D5-828F-B5FA6F660D6F}.Release|Any CPU.Build.0 = Release|Any CPU
		{E5C80564-86C0-4D3C-83F3-A453DF1DA016}.Debug|Any CPU.ActiveCfg = Debug|Any CPU
		{E5C80564-86C0-4D3C-83F3-A453DF1DA016}.Debug|Any CPU.Build.0 = Debug|Any CPU
		{E5C80564-86C0-4D3C-83F3-A453DF1DA016}.Release|Any CPU.ActiveCfg = Release|Any CPU
		{E5C80564-86C0-4D3C-83F3-A453DF1DA016}.Release|Any CPU.Build.0 = Release|Any CPU
		{ECC708C6-0C5A-49E7-9C97-E020FFAAB4EF}.Debug|Any CPU.ActiveCfg = Debug|Any CPU
		{ECC708C6-0C5A-49E7-9C97-E020FFAAB4EF}.Debug|Any CPU.Build.0 = Debug|Any CPU
		{ECC708C6-0C5A-49E7-9C97-E020FFAAB4EF}.Release|Any CPU.ActiveCfg = Release|Any CPU
		{ECC708C6-0C5A-49E7-9C97-E020FFAAB4EF}.Release|Any CPU.Build.0 = Release|Any CPU
		{353D91F9-E38C-497F-81BB-034AB7F3D81A}.Debug|Any CPU.ActiveCfg = Debug|Any CPU
		{353D91F9-E38C-497F-81BB-034AB7F3D81A}.Debug|Any CPU.Build.0 = Debug|Any CPU
		{353D91F9-E38C-497F-81BB-034AB7F3D81A}.Release|Any CPU.ActiveCfg = Release|Any CPU
		{353D91F9-E38C-497F-81BB-034AB7F3D81A}.Release|Any CPU.Build.0 = Release|Any CPU
		{1173F69B-98A8-4E1D-A404-3DDC72FAE0D3}.Debug|Any CPU.ActiveCfg = Debug|Any CPU
		{1173F69B-98A8-4E1D-A404-3DDC72FAE0D3}.Debug|Any CPU.Build.0 = Debug|Any CPU
		{1173F69B-98A8-4E1D-A404-3DDC72FAE0D3}.Release|Any CPU.ActiveCfg = Release|Any CPU
		{1173F69B-98A8-4E1D-A404-3DDC72FAE0D3}.Release|Any CPU.Build.0 = Release|Any CPU
		{27B5E9AA-7B34-4E03-ACC9-4D2F38C1418A}.Debug|Any CPU.ActiveCfg = Debug|Any CPU
		{27B5E9AA-7B34-4E03-ACC9-4D2F38C1418A}.Debug|Any CPU.Build.0 = Debug|Any CPU
		{27B5E9AA-7B34-4E03-ACC9-4D2F38C1418A}.Release|Any CPU.ActiveCfg = Release|Any CPU
		{27B5E9AA-7B34-4E03-ACC9-4D2F38C1418A}.Release|Any CPU.Build.0 = Release|Any CPU
		{900C6664-9823-4006-8286-43268B97080D}.Debug|Any CPU.ActiveCfg = Debug|Any CPU
		{900C6664-9823-4006-8286-43268B97080D}.Debug|Any CPU.Build.0 = Debug|Any CPU
		{900C6664-9823-4006-8286-43268B97080D}.Release|Any CPU.ActiveCfg = Release|Any CPU
		{900C6664-9823-4006-8286-43268B97080D}.Release|Any CPU.Build.0 = Release|Any CPU
		{F8649D25-D930-4ACE-82F7-9E21E638DEA4}.Debug|Any CPU.ActiveCfg = Debug|Any CPU
		{F8649D25-D930-4ACE-82F7-9E21E638DEA4}.Debug|Any CPU.Build.0 = Debug|Any CPU
		{F8649D25-D930-4ACE-82F7-9E21E638DEA4}.Release|Any CPU.ActiveCfg = Release|Any CPU
		{F8649D25-D930-4ACE-82F7-9E21E638DEA4}.Release|Any CPU.Build.0 = Release|Any CPU
		{D65A2587-22AF-423F-ADBA-CB75E03AA5A7}.Debug|Any CPU.ActiveCfg = Debug|Any CPU
		{D65A2587-22AF-423F-ADBA-CB75E03AA5A7}.Debug|Any CPU.Build.0 = Debug|Any CPU
		{D65A2587-22AF-423F-ADBA-CB75E03AA5A7}.Release|Any CPU.ActiveCfg = Release|Any CPU
		{D65A2587-22AF-423F-ADBA-CB75E03AA5A7}.Release|Any CPU.Build.0 = Release|Any CPU
		{F939F313-E63A-4A2B-B878-9AF214CF9027}.Debug|Any CPU.ActiveCfg = Debug|Any CPU
		{F939F313-E63A-4A2B-B878-9AF214CF9027}.Debug|Any CPU.Build.0 = Debug|Any CPU
		{F939F313-E63A-4A2B-B878-9AF214CF9027}.Release|Any CPU.ActiveCfg = Release|Any CPU
		{F939F313-E63A-4A2B-B878-9AF214CF9027}.Release|Any CPU.Build.0 = Release|Any CPU
		{AAD872C5-57ED-45CF-8631-73B4988D075A}.Debug|Any CPU.ActiveCfg = Debug|Any CPU
		{AAD872C5-57ED-45CF-8631-73B4988D075A}.Debug|Any CPU.Build.0 = Debug|Any CPU
		{AAD872C5-57ED-45CF-8631-73B4988D075A}.Release|Any CPU.ActiveCfg = Release|Any CPU
		{AAD872C5-57ED-45CF-8631-73B4988D075A}.Release|Any CPU.Build.0 = Release|Any CPU
		{FAA2545D-2446-4FFC-ADB3-30F77E3CA268}.Debug|Any CPU.ActiveCfg = Debug|Any CPU
		{FAA2545D-2446-4FFC-ADB3-30F77E3CA268}.Debug|Any CPU.Build.0 = Debug|Any CPU
		{FAA2545D-2446-4FFC-ADB3-30F77E3CA268}.Release|Any CPU.ActiveCfg = Release|Any CPU
		{FAA2545D-2446-4FFC-ADB3-30F77E3CA268}.Release|Any CPU.Build.0 = Release|Any CPU
		{2F827C02-5653-405E-AF48-C5ACCCADAB68}.Debug|Any CPU.ActiveCfg = Debug|Any CPU
		{2F827C02-5653-405E-AF48-C5ACCCADAB68}.Debug|Any CPU.Build.0 = Debug|Any CPU
		{2F827C02-5653-405E-AF48-C5ACCCADAB68}.Release|Any CPU.ActiveCfg = Release|Any CPU
		{2F827C02-5653-405E-AF48-C5ACCCADAB68}.Release|Any CPU.Build.0 = Release|Any CPU
		{F0F1244B-9A1C-472D-BB0A-EF704BB6B002}.Debug|Any CPU.ActiveCfg = Debug|Any CPU
		{F0F1244B-9A1C-472D-BB0A-EF704BB6B002}.Debug|Any CPU.Build.0 = Debug|Any CPU
		{F0F1244B-9A1C-472D-BB0A-EF704BB6B002}.Release|Any CPU.ActiveCfg = Release|Any CPU
		{F0F1244B-9A1C-472D-BB0A-EF704BB6B002}.Release|Any CPU.Build.0 = Release|Any CPU
		{975BEE18-B455-43D4-8048-5D07E35DF4E6}.Debug|Any CPU.ActiveCfg = Debug|Any CPU
		{975BEE18-B455-43D4-8048-5D07E35DF4E6}.Debug|Any CPU.Build.0 = Debug|Any CPU
		{975BEE18-B455-43D4-8048-5D07E35DF4E6}.Release|Any CPU.ActiveCfg = Release|Any CPU
		{975BEE18-B455-43D4-8048-5D07E35DF4E6}.Release|Any CPU.Build.0 = Release|Any CPU
		{6DF73B4B-93BD-4744-8CCA-81B9ACB431EC}.Debug|Any CPU.ActiveCfg = Debug|Any CPU
		{6DF73B4B-93BD-4744-8CCA-81B9ACB431EC}.Debug|Any CPU.Build.0 = Debug|Any CPU
		{6DF73B4B-93BD-4744-8CCA-81B9ACB431EC}.Release|Any CPU.ActiveCfg = Release|Any CPU
		{6DF73B4B-93BD-4744-8CCA-81B9ACB431EC}.Release|Any CPU.Build.0 = Release|Any CPU
		{3BD536AA-05A4-41DE-A36B-6BDD00E68A6D}.Debug|Any CPU.ActiveCfg = Debug|Any CPU
		{3BD536AA-05A4-41DE-A36B-6BDD00E68A6D}.Debug|Any CPU.Build.0 = Debug|Any CPU
		{3BD536AA-05A4-41DE-A36B-6BDD00E68A6D}.Release|Any CPU.ActiveCfg = Release|Any CPU
		{3BD536AA-05A4-41DE-A36B-6BDD00E68A6D}.Release|Any CPU.Build.0 = Release|Any CPU
	EndGlobalSection
	GlobalSection(SolutionProperties) = preSolution
		HideSolutionNode = FALSE
	EndGlobalSection
	GlobalSection(NestedProjects) = preSolution
		{E98A82B5-85CB-4F2E-A17F-DF3A7E34A931} = {A9776331-8B16-4230-8135-307EBD513572}
		{1796ACD7-C3EF-4F88-ACF2-E948C4AF32E6} = {A9776331-8B16-4230-8135-307EBD513572}
		{81874DC7-7937-43B0-B4EC-969D45EF706E} = {A9776331-8B16-4230-8135-307EBD513572}
		{25090166-47DD-4D3E-B528-70EBF74BDB92} = {A9776331-8B16-4230-8135-307EBD513572}
		{FA52E6B1-EFF2-4AE0-85C6-9201260CAC2F} = {A9776331-8B16-4230-8135-307EBD513572}
		{9403D9F4-940A-4CE4-9087-5B8123803845} = {E98A82B5-85CB-4F2E-A17F-DF3A7E34A931}
		{542F959F-D20B-4127-9C30-F0245C0F9454} = {E98A82B5-85CB-4F2E-A17F-DF3A7E34A931}
		{9C4A0DF1-A87A-4A8D-A41D-F3D33FC5B57F} = {E98A82B5-85CB-4F2E-A17F-DF3A7E34A931}
		{398BA1D9-9DFA-4B02-B59A-50DB407F7CDB} = {E98A82B5-85CB-4F2E-A17F-DF3A7E34A931}
		{13C382E9-2A9C-4563-923E-092CF95819FD} = {1796ACD7-C3EF-4F88-ACF2-E948C4AF32E6}
		{31527DA9-F06B-4E20-BE74-7F972B46F025} = {1796ACD7-C3EF-4F88-ACF2-E948C4AF32E6}
		{13A95AB8-5151-45CD-B2A8-4CDEE319B8BE} = {1796ACD7-C3EF-4F88-ACF2-E948C4AF32E6}
		{2F0A3305-98EF-44D5-828F-B5FA6F660D6F} = {1796ACD7-C3EF-4F88-ACF2-E948C4AF32E6}
		{E5C80564-86C0-4D3C-83F3-A453DF1DA016} = {81874DC7-7937-43B0-B4EC-969D45EF706E}
		{ECC708C6-0C5A-49E7-9C97-E020FFAAB4EF} = {81874DC7-7937-43B0-B4EC-969D45EF706E}
		{353D91F9-E38C-497F-81BB-034AB7F3D81A} = {81874DC7-7937-43B0-B4EC-969D45EF706E}
		{1173F69B-98A8-4E1D-A404-3DDC72FAE0D3} = {81874DC7-7937-43B0-B4EC-969D45EF706E}
		{27B5E9AA-7B34-4E03-ACC9-4D2F38C1418A} = {25090166-47DD-4D3E-B528-70EBF74BDB92}
		{900C6664-9823-4006-8286-43268B97080D} = {25090166-47DD-4D3E-B528-70EBF74BDB92}
		{F8649D25-D930-4ACE-82F7-9E21E638DEA4} = {25090166-47DD-4D3E-B528-70EBF74BDB92}
		{D65A2587-22AF-423F-ADBA-CB75E03AA5A7} = {25090166-47DD-4D3E-B528-70EBF74BDB92}
		{F939F313-E63A-4A2B-B878-9AF214CF9027} = {FA52E6B1-EFF2-4AE0-85C6-9201260CAC2F}
		{AAD872C5-57ED-45CF-8631-73B4988D075A} = {FA52E6B1-EFF2-4AE0-85C6-9201260CAC2F}
		{FAA2545D-2446-4FFC-ADB3-30F77E3CA268} = {FA52E6B1-EFF2-4AE0-85C6-9201260CAC2F}
		{2F827C02-5653-405E-AF48-C5ACCCADAB68} = {FA52E6B1-EFF2-4AE0-85C6-9201260CAC2F}
		{F0F1244B-9A1C-472D-BB0A-EF704BB6B002} = {C26A6241-AA5F-4C14-9EA7-8777A4C189DB}
		{975BEE18-B455-43D4-8048-5D07E35DF4E6} = {C26A6241-AA5F-4C14-9EA7-8777A4C189DB}
		{6DF73B4B-93BD-4744-8CCA-81B9ACB431EC} = {2CA52517-43DC-4094-AD30-41082F16DDB1}
		{3BD536AA-05A4-41DE-A36B-6BDD00E68A6D} = {6AF00336-CB1D-43B2-A825-7B69DBE77A75}
	EndGlobalSection
	GlobalSection(ExtensibilityGlobals) = postSolution
		SolutionGuid = {021BFC5B-7D4F-4D1E-B429-A4CE94923F15}
	EndGlobalSection
EndGlobal
